
Microsoft Visual Studio Solution File, Format Version 12.00
# Visual Studio 15
VisualStudioVersion = 15.0.28307.1169
MinimumVisualStudioVersion = 10.0.40219.1
Project("{FAE04EC0-301F-11D3-BF4B-00C04F79EFBC}") = "Knig", "Knig\Knig.csproj", "{7D013698-774A-49C9-A228-78C797E09326}"
EndProject
Global
	GlobalSection(SolutionConfigurationPlatforms) = preSolution
		Debug|Any CPU = Debug|Any CPU
		Release|Any CPU = Release|Any CPU
	EndGlobalSection
	GlobalSection(ProjectConfigurationPlatforms) = postSolution
		{7D013698-774A-49C9-A228-78C797E09326}.Debug|Any CPU.ActiveCfg = Debug|Any CPU
		{7D013698-774A-49C9-A228-78C797E09326}.Debug|Any CPU.Build.0 = Debug|Any CPU
		{7D013698-774A-49C9-A228-78C797E09326}.Release|Any CPU.ActiveCfg = Release|Any CPU
		{7D013698-774A-49C9-A228-78C797E09326}.Release|Any CPU.Build.0 = Release|Any CPU
	EndGlobalSection
	GlobalSection(SolutionProperties) = preSolution
		HideSolutionNode = FALSE
	EndGlobalSection
	GlobalSection(ExtensibilityGlobals) = postSolution
		SolutionGuid = {D381BECB-9363-443D-8E56-55CBCE288743}
	EndGlobalSection
EndGlobal
